
Microsoft Visual Studio Solution File, Format Version 12.00
# Visual Studio Version 17
VisualStudioVersion = 17.0.31903.59
MinimumVisualStudioVersion = 10.0.40219.1
Project("{2150E333-8FDC-42A3-9474-1A3956D46DE8}") = "src", "src", "{827E0CD3-B72D-47B6-A68D-7590B98EB39B}"
EndProject
Project("{2150E333-8FDC-42A3-9474-1A3956D46DE8}") = "Modules", "Modules", "{EC447DCF-ABFA-6E24-52A5-D7FD48A5C558}"
EndProject
Project("{FAE04EC0-301F-11D3-BF4B-00C04F79EFBC}") = "Synthia.Modules.Approvals", "src\Modules\Synthia.Modules.Approvals\Synthia.Modules.Approvals.csproj", "{B8D34A9F-6168-4BE6-9D93-5D5A2C381220}"
EndProject
Project("{FAE04EC0-301F-11D3-BF4B-00C04F79EFBC}") = "Synthia.Contracts", "src\Synthia.Contracts\Synthia.Contracts.csproj", "{DE4092AC-5E54-4E0B-92E5-14EDCE882705}"
EndProject
Project("{FAE04EC0-301F-11D3-BF4B-00C04F79EFBC}") = "Synthia.SharedKernel", "src\Synthia.SharedKernel\Synthia.SharedKernel.csproj", "{AF406DDD-A916-4B23-8EE3-4E9A7CB4647A}"
EndProject
Project("{FAE04EC0-301F-11D3-BF4B-00C04F79EFBC}") = "Synthia.Persistence", "src\Synthia.Persistence\Synthia.Persistence.csproj", "{4A3F6D81-AEFF-4B43-8988-6D30DAA5AFB9}"
EndProject
Project("{FAE04EC0-301F-11D3-BF4B-00C04F79EFBC}") = "Synthia.Modules.Audit", "src\Modules\Synthia.Modules.Audit\Synthia.Modules.Audit.csproj", "{0E5FCD88-BDE1-4E5E-8714-B5EAF0827D98}"
EndProject
Project("{FAE04EC0-301F-11D3-BF4B-00C04F79EFBC}") = "Synthia.Modules.Governance", "src\Modules\Synthia.Modules.Governance\Synthia.Modules.Governance.csproj", "{1D67EE4F-CAA5-439D-94D8-6A0821CA8056}"
EndProject
Project("{FAE04EC0-301F-11D3-BF4B-00C04F79EFBC}") = "Synthia.Modules.Sessions", "src\Modules\Synthia.Modules.Sessions\Synthia.Modules.Sessions.csproj", "{70E30743-926F-45BB-B423-DA312DCA2CA8}"
EndProject
Project("{FAE04EC0-301F-11D3-BF4B-00C04F79EFBC}") = "Synthia.Modules.Tenancy", "src\Modules\Synthia.Modules.Tenancy\Synthia.Modules.Tenancy.csproj", "{9135F84B-9554-42C6-BB8B-A3D7EEADFC68}"
EndProject
Project("{FAE04EC0-301F-11D3-BF4B-00C04F79EFBC}") = "Synthia.Modules.Work", "src\Modules\Synthia.Modules.Work\Synthia.Modules.Work.csproj", "{8807B187-9069-4F22-A4C9-BBFF4E813525}"
EndProject
Project("{FAE04EC0-301F-11D3-BF4B-00C04F79EFBC}") = "Synthia.Api", "src\Synthia.Api\Synthia.Api.csproj", "{ACCB1522-FA90-40FC-A95C-D53DD0BE4BE8}"
EndProject
Project("{FAE04EC0-301F-11D3-BF4B-00C04F79EFBC}") = "Synthia.Observability", "src\Synthia.Observability\Synthia.Observability.csproj", "{89BEA921-0D42-4292-B851-DDAD31C9A5CB}"
EndProject
Project("{2150E333-8FDC-42A3-9474-1A3956D46DE8}") = "tests", "tests", "{0AB3BF05-4346-4AA6-1389-037BE0695223}"
EndProject
Project("{FAE04EC0-301F-11D3-BF4B-00C04F79EFBC}") = "Synthia.Modules.Approvals.Tests", "tests\Synthia.Modules.Approvals.Tests\Synthia.Modules.Approvals.Tests.csproj", "{F1BF528C-6E31-481F-AF8C-66E0F0C55CA1}"
EndProject
Project("{FAE04EC0-301F-11D3-BF4B-00C04F79EFBC}") = "Synthia.Modules.Audit.Tests", "tests\Synthia.Modules.Audit.Tests\Synthia.Modules.Audit.Tests.csproj", "{69801294-DD0F-4807-841F-9C5C1E0C29EC}"
EndProject
Project("{FAE04EC0-301F-11D3-BF4B-00C04F79EFBC}") = "Synthia.Modules.Governance.Tests", "tests\Synthia.Modules.Governance.Tests\Synthia.Modules.Governance.Tests.csproj", "{22540DED-7E23-424E-8F11-52DF40D87612}"
EndProject
Project("{FAE04EC0-301F-11D3-BF4B-00C04F79EFBC}") = "Synthia.Modules.Sessions.Tests", "tests\Synthia.Modules.Sessions.Tests\Synthia.Modules.Sessions.Tests.csproj", "{700298B2-6CB7-468E-AA7A-5CFD5C054738}"
EndProject
Project("{FAE04EC0-301F-11D3-BF4B-00C04F79EFBC}") = "Synthia.Modules.Tenancy.Tests", "tests\Synthia.Modules.Tenancy.Tests\Synthia.Modules.Tenancy.Tests.csproj", "{C3EB68D0-8B5B-4F7B-BFE9-30AA3BCB1E8A}"
EndProject
Project("{FAE04EC0-301F-11D3-BF4B-00C04F79EFBC}") = "Synthia.Modules.Work.Tests", "tests\Synthia.Modules.Work.Tests\Synthia.Modules.Work.Tests.csproj", "{9A0F64B9-F2B5-4C59-8C80-2AA6278D67DB}"
EndProject
Project("{FAE04EC0-301F-11D3-BF4B-00C04F79EFBC}") = "Synthia.SharedKernel.Tests", "tests\Synthia.SharedKernel.Tests\Synthia.SharedKernel.Tests.csproj", "{A355E0A7-7B0C-4C47-9074-4FD63F9ED516}"
EndProject
Project("{FAE04EC0-301F-11D3-BF4B-00C04F79EFBC}") = "Synthia.ArchitectureTests", "tests\Synthia.ArchitectureTests\Synthia.ArchitectureTests.csproj", "{7FE2D445-0CA4-4842-AB07-C235CE787AB4}"
EndProject
Project("{FAE04EC0-301F-11D3-BF4B-00C04F79EFBC}") = "Synthia.ContractTests", "tests\Synthia.ContractTests\Synthia.ContractTests.csproj", "{6A5D1F67-08D4-4DD8-ACCF-0D5BD492F584}"
EndProject
Project("{FAE04EC0-301F-11D3-BF4B-00C04F79EFBC}") = "Synthia.AuthorizationTests", "tests\Synthia.AuthorizationTests\Synthia.AuthorizationTests.csproj", "{EF2188A2-F46B-467A-B5C0-4C012EA6931F}"
EndProject
Project("{FAE04EC0-301F-11D3-BF4B-00C04F79EFBC}") = "Synthia.TenantIsolationTests", "tests\Synthia.TenantIsolationTests\Synthia.TenantIsolationTests.csproj", "{FC597176-8248-4E4E-BAC9-10686FBEDAE2}"
EndProject
Global
	GlobalSection(SolutionConfigurationPlatforms) = preSolution
		Debug|Any CPU = Debug|Any CPU
		Debug|x64 = Debug|x64
		Debug|x86 = Debug|x86
		Release|Any CPU = Release|Any CPU
		Release|x64 = Release|x64
		Release|x86 = Release|x86
	EndGlobalSection
	GlobalSection(ProjectConfigurationPlatforms) = postSolution
		{B8D34A9F-6168-4BE6-9D93-5D5A2C381220}.Debug|Any CPU.ActiveCfg = Debug|Any CPU
		{B8D34A9F-6168-4BE6-9D93-5D5A2C381220}.Debug|Any CPU.Build.0 = Debug|Any CPU
		{B8D34A9F-6168-4BE6-9D93-5D5A2C381220}.Debug|x64.ActiveCfg = Debug|Any CPU
		{B8D34A9F-6168-4BE6-9D93-5D5A2C381220}.Debug|x64.Build.0 = Debug|Any CPU
		{B8D34A9F-6168-4BE6-9D93-5D5A2C381220}.Debug|x86.ActiveCfg = Debug|Any CPU
		{B8D34A9F-6168-4BE6-9D93-5D5A2C381220}.Debug|x86.Build.0 = Debug|Any CPU
		{B8D34A9F-6168-4BE6-9D93-5D5A2C381220}.Release|Any CPU.ActiveCfg = Release|Any CPU
		{B8D34A9F-6168-4BE6-9D93-5D5A2C381220}.Release|Any CPU.Build.0 = Release|Any CPU
		{B8D34A9F-6168-4BE6-9D93-5D5A2C381220}.Release|x64.ActiveCfg = Release|Any CPU
		{B8D34A9F-6168-4BE6-9D93-5D5A2C381220}.Release|x64.Build.0 = Release|Any CPU
		{B8D34A9F-6168-4BE6-9D93-5D5A2C381220}.Release|x86.ActiveCfg = Release|Any CPU
		{B8D34A9F-6168-4BE6-9D93-5D5A2C381220}.Release|x86.Build.0 = Release|Any CPU
		{DE4092AC-5E54-4E0B-92E5-14EDCE882705}.Debug|Any CPU.ActiveCfg = Debug|Any CPU
		{DE4092AC-5E54-4E0B-92E5-14EDCE882705}.Debug|Any CPU.Build.0 = Debug|Any CPU
		{DE4092AC-5E54-4E0B-92E5-14EDCE882705}.Debug|x64.ActiveCfg = Debug|Any CPU
		{DE4092AC-5E54-4E0B-92E5-14EDCE882705}.Debug|x64.Build.0 = Debug|Any CPU
		{DE4092AC-5E54-4E0B-92E5-14EDCE882705}.Debug|x86.ActiveCfg = Debug|Any CPU
		{DE4092AC-5E54-4E0B-92E5-14EDCE882705}.Debug|x86.Build.0 = Debug|Any CPU
		{DE4092AC-5E54-4E0B-92E5-14EDCE882705}.Release|Any CPU.ActiveCfg = Release|Any CPU
		{DE4092AC-5E54-4E0B-92E5-14EDCE882705}.Release|Any CPU.Build.0 = Release|Any CPU
		{DE4092AC-5E54-4E0B-92E5-14EDCE882705}.Release|x64.ActiveCfg = Release|Any CPU
		{DE4092AC-5E54-4E0B-92E5-14EDCE882705}.Release|x64.Build.0 = Release|Any CPU
		{DE4092AC-5E54-4E0B-92E5-14EDCE882705}.Release|x86.ActiveCfg = Release|Any CPU
		{DE4092AC-5E54-4E0B-92E5-14EDCE882705}.Release|x86.Build.0 = Release|Any CPU
		{AF406DDD-A916-4B23-8EE3-4E9A7CB4647A}.Debug|Any CPU.ActiveCfg = Debug|Any CPU
		{AF406DDD-A916-4B23-8EE3-4E9A7CB4647A}.Debug|Any CPU.Build.0 = Debug|Any CPU
		{AF406DDD-A916-4B23-8EE3-4E9A7CB4647A}.Debug|x64.ActiveCfg = Debug|Any CPU
		{AF406DDD-A916-4B23-8EE3-4E9A7CB4647A}.Debug|x64.Build.0 = Debug|Any CPU
		{AF406DDD-A916-4B23-8EE3-4E9A7CB4647A}.Debug|x86.ActiveCfg = Debug|Any CPU
		{AF406DDD-A916-4B23-8EE3-4E9A7CB4647A}.Debug|x86.Build.0 = Debug|Any CPU
		{AF406DDD-A916-4B23-8EE3-4E9A7CB4647A}.Release|Any CPU.ActiveCfg = Release|Any CPU
		{AF406DDD-A916-4B23-8EE3-4E9A7CB4647A}.Release|Any CPU.Build.0 = Release|Any CPU
		{AF406DDD-A916-4B23-8EE3-4E9A7CB4647A}.Release|x64.ActiveCfg = Release|Any CPU
		{AF406DDD-A916-4B23-8EE3-4E9A7CB4647A}.Release|x64.Build.0 = Release|Any CPU
		{AF406DDD-A916-4B23-8EE3-4E9A7CB4647A}.Release|x86.ActiveCfg = Release|Any CPU
		{AF406DDD-A916-4B23-8EE3-4E9A7CB4647A}.Release|x86.Build.0 = Release|Any CPU
		{4A3F6D81-AEFF-4B43-8988-6D30DAA5AFB9}.Debug|Any CPU.ActiveCfg = Debug|Any CPU
		{4A3F6D81-AEFF-4B43-8988-6D30DAA5AFB9}.Debug|Any CPU.Build.0 = Debug|Any CPU
		{4A3F6D81-AEFF-4B43-8988-6D30DAA5AFB9}.Debug|x64.ActiveCfg = Debug|Any CPU
		{4A3F6D81-AEFF-4B43-8988-6D30DAA5AFB9}.Debug|x64.Build.0 = Debug|Any CPU
		{4A3F6D81-AEFF-4B43-8988-6D30DAA5AFB9}.Debug|x86.ActiveCfg = Debug|Any CPU
		{4A3F6D81-AEFF-4B43-8988-6D30DAA5AFB9}.Debug|x86.Build.0 = Debug|Any CPU
		{4A3F6D81-AEFF-4B43-8988-6D30DAA5AFB9}.Release|Any CPU.ActiveCfg = Release|Any CPU
		{4A3F6D81-AEFF-4B43-8988-6D30DAA5AFB9}.Release|Any CPU.Build.0 = Release|Any CPU
		{4A3F6D81-AEFF-4B43-8988-6D30DAA5AFB9}.Release|x64.ActiveCfg = Release|Any CPU
		{4A3F6D81-AEFF-4B43-8988-6D30DAA5AFB9}.Release|x64.Build.0 = Release|Any CPU
		{4A3F6D81-AEFF-4B43-8988-6D30DAA5AFB9}.Release|x86.ActiveCfg = Release|Any CPU
		{4A3F6D81-AEFF-4B43-8988-6D30DAA5AFB9}.Release|x86.Build.0 = Release|Any CPU
		{0E5FCD88-BDE1-4E5E-8714-B5EAF0827D98}.Debug|Any CPU.ActiveCfg = Debug|Any CPU
		{0E5FCD88-BDE1-4E5E-8714-B5EAF0827D98}.Debug|Any CPU.Build.0 = Debug|Any CPU
		{0E5FCD88-BDE1-4E5E-8714-B5EAF0827D98}.Debug|x64.ActiveCfg = Debug|Any CPU
		{0E5FCD88-BDE1-4E5E-8714-B5EAF0827D98}.Debug|x64.Build.0 = Debug|Any CPU
		{0E5FCD88-BDE1-4E5E-8714-B5EAF0827D98}.Debug|x86.ActiveCfg = Debug|Any CPU
		{0E5FCD88-BDE1-4E5E-8714-B5EAF0827D98}.Debug|x86.Build.0 = Debug|Any CPU
		{0E5FCD88-BDE1-4E5E-8714-B5EAF0827D98}.Release|Any CPU.ActiveCfg = Release|Any CPU
		{0E5FCD88-BDE1-4E5E-8714-B5EAF0827D98}.Release|Any CPU.Build.0 = Release|Any CPU
		{0E5FCD88-BDE1-4E5E-8714-B5EAF0827D98}.Release|x64.ActiveCfg = Release|Any CPU
		{0E5FCD88-BDE1-4E5E-8714-B5EAF0827D98}.Release|x64.Build.0 = Release|Any CPU
		{0E5FCD88-BDE1-4E5E-8714-B5EAF0827D98}.Release|x86.ActiveCfg = Release|Any CPU
		{0E5FCD88-BDE1-4E5E-8714-B5EAF0827D98}.Release|x86.Build.0 = Release|Any CPU
		{1D67EE4F-CAA5-439D-94D8-6A0821CA8056}.Debug|Any CPU.ActiveCfg = Debug|Any CPU
		{1D67EE4F-CAA5-439D-94D8-6A0821CA8056}.Debug|Any CPU.Build.0 = Debug|Any CPU
		{1D67EE4F-CAA5-439D-94D8-6A0821CA8056}.Debug|x64.ActiveCfg = Debug|Any CPU
		{1D67EE4F-CAA5-439D-94D8-6A0821CA8056}.Debug|x64.Build.0 = Debug|Any CPU
		{1D67EE4F-CAA5-439D-94D8-6A0821CA8056}.Debug|x86.ActiveCfg = Debug|Any CPU
		{1D67EE4F-CAA5-439D-94D8-6A0821CA8056}.Debug|x86.Build.0 = Debug|Any CPU
		{1D67EE4F-CAA5-439D-94D8-6A0821CA8056}.Release|Any CPU.ActiveCfg = Release|Any CPU
		{1D67EE4F-CAA5-439D-94D8-6A0821CA8056}.Release|Any CPU.Build.0 = Release|Any CPU
		{1D67EE4F-CAA5-439D-94D8-6A0821CA8056}.Release|x64.ActiveCfg = Release|Any CPU
		{1D67EE4F-CAA5-439D-94D8-6A0821CA8056}.Release|x64.Build.0 = Release|Any CPU
		{1D67EE4F-CAA5-439D-94D8-6A0821CA8056}.Release|x86.ActiveCfg = Release|Any CPU
		{1D67EE4F-CAA5-439D-94D8-6A0821CA8056}.Release|x86.Build.0 = Release|Any CPU
		{70E30743-926F-45BB-B423-DA312DCA2CA8}.Debug|Any CPU.ActiveCfg = Debug|Any CPU
		{70E30743-926F-45BB-B423-DA312DCA2CA8}.Debug|Any CPU.Build.0 = Debug|Any CPU
		{70E30743-926F-45BB-B423-DA312DCA2CA8}.Debug|x64.ActiveCfg = Debug|Any CPU
		{70E30743-926F-45BB-B423-DA312DCA2CA8}.Debug|x64.Build.0 = Debug|Any CPU
		{70E30743-926F-45BB-B423-DA312DCA2CA8}.Debug|x86.ActiveCfg = Debug|Any CPU
		{70E30743-926F-45BB-B423-DA312DCA2CA8}.Debug|x86.Build.0 = Debug|Any CPU
		{70E30743-926F-45BB-B423-DA312DCA2CA8}.Release|Any CPU.ActiveCfg = Release|Any CPU
		{70E30743-926F-45BB-B423-DA312DCA2CA8}.Release|Any CPU.Build.0 = Release|Any CPU
		{70E30743-926F-45BB-B423-DA312DCA2CA8}.Release|x64.ActiveCfg = Release|Any CPU
		{70E30743-926F-45BB-B423-DA312DCA2CA8}.Release|x64.Build.0 = Release|Any CPU
		{70E30743-926F-45BB-B423-DA312DCA2CA8}.Release|x86.ActiveCfg = Release|Any CPU
		{70E30743-926F-45BB-B423-DA312DCA2CA8}.Release|x86.Build.0 = Release|Any CPU
		{9135F84B-9554-42C6-BB8B-A3D7EEADFC68}.Debug|Any CPU.ActiveCfg = Debug|Any CPU
		{9135F84B-9554-42C6-BB8B-A3D7EEADFC68}.Debug|Any CPU.Build.0 = Debug|Any CPU
		{9135F84B-9554-42C6-BB8B-A3D7EEADFC68}.Debug|x64.ActiveCfg = Debug|Any CPU
		{9135F84B-9554-42C6-BB8B-A3D7EEADFC68}.Debug|x64.Build.0 = Debug|Any CPU
		{9135F84B-9554-42C6-BB8B-A3D7EEADFC68}.Debug|x86.ActiveCfg = Debug|Any CPU
		{9135F84B-9554-42C6-BB8B-A3D7EEADFC68}.Debug|x86.Build.0 = Debug|Any CPU
		{9135F84B-9554-42C6-BB8B-A3D7EEADFC68}.Release|Any CPU.ActiveCfg = Release|Any CPU
		{9135F84B-9554-42C6-BB8B-A3D7EEADFC68}.Release|Any CPU.Build.0 = Release|Any CPU
		{9135F84B-9554-42C6-BB8B-A3D7EEADFC68}.Release|x64.ActiveCfg = Release|Any CPU
		{9135F84B-9554-42C6-BB8B-A3D7EEADFC68}.Release|x64.Build.0 = Release|Any CPU
		{9135F84B-9554-42C6-BB8B-A3D7EEADFC68}.Release|x86.ActiveCfg = Release|Any CPU
		{9135F84B-9554-42C6-BB8B-A3D7EEADFC68}.Release|x86.Build.0 = Release|Any CPU
		{8807B187-9069-4F22-A4C9-BBFF4E813525}.Debug|Any CPU.ActiveCfg = Debug|Any CPU
		{8807B187-9069-4F22-A4C9-BBFF4E813525}.Debug|Any CPU.Build.0 = Debug|Any CPU
		{8807B187-9069-4F22-A4C9-BBFF4E813525}.Debug|x64.ActiveCfg = Debug|Any CPU
		{8807B187-9069-4F22-A4C9-BBFF4E813525}.Debug|x64.Build.0 = Debug|Any CPU
		{8807B187-9069-4F22-A4C9-BBFF4E813525}.Debug|x86.ActiveCfg = Debug|Any CPU
		{8807B187-9069-4F22-A4C9-BBFF4E813525}.Debug|x86.Build.0 = Debug|Any CPU
		{8807B187-9069-4F22-A4C9-BBFF4E813525}.Release|Any CPU.ActiveCfg = Release|Any CPU
		{8807B187-9069-4F22-A4C9-BBFF4E813525}.Release|Any CPU.Build.0 = Release|Any CPU
		{8807B187-9069-4F22-A4C9-BBFF4E813525}.Release|x64.ActiveCfg = Release|Any CPU
		{8807B187-9069-4F22-A4C9-BBFF4E813525}.Release|x64.Build.0 = Release|Any CPU
		{8807B187-9069-4F22-A4C9-BBFF4E813525}.Release|x86.ActiveCfg = Release|Any CPU
		{8807B187-9069-4F22-A4C9-BBFF4E813525}.Release|x86.Build.0 = Release|Any CPU
		{ACCB1522-FA90-40FC-A95C-D53DD0BE4BE8}.Debug|Any CPU.ActiveCfg = Debug|Any CPU
		{ACCB1522-FA90-40FC-A95C-D53DD0BE4BE8}.Debug|Any CPU.Build.0 = Debug|Any CPU
		{ACCB1522-FA90-40FC-A95C-D53DD0BE4BE8}.Debug|x64.ActiveCfg = Debug|Any CPU
		{ACCB1522-FA90-40FC-A95C-D53DD0BE4BE8}.Debug|x64.Build.0 = Debug|Any CPU
		{ACCB1522-FA90-40FC-A95C-D53DD0BE4BE8}.Debug|x86.ActiveCfg = Debug|Any CPU
		{ACCB1522-FA90-40FC-A95C-D53DD0BE4BE8}.Debug|x86.Build.0 = Debug|Any CPU
		{ACCB1522-FA90-40FC-A95C-D53DD0BE4BE8}.Release|Any CPU.ActiveCfg = Release|Any CPU
		{ACCB1522-FA90-40FC-A95C-D53DD0BE4BE8}.Release|Any CPU.Build.0 = Release|Any CPU
		{ACCB1522-FA90-40FC-A95C-D53DD0BE4BE8}.Release|x64.ActiveCfg = Release|Any CPU
		{ACCB1522-FA90-40FC-A95C-D53DD0BE4BE8}.Release|x64.Build.0 = Release|Any CPU
		{ACCB1522-FA90-40FC-A95C-D53DD0BE4BE8}.Release|x86.ActiveCfg = Release|Any CPU
		{ACCB1522-FA90-40FC-A95C-D53DD0BE4BE8}.Release|x86.Build.0 = Release|Any CPU
		{89BEA921-0D42-4292-B851-DDAD31C9A5CB}.Debug|Any CPU.ActiveCfg = Debug|Any CPU
		{89BEA921-0D42-4292-B851-DDAD31C9A5CB}.Debug|Any CPU.Build.0 = Debug|Any CPU
		{89BEA921-0D42-4292-B851-DDAD31C9A5CB}.Debug|x64.ActiveCfg = Debug|Any CPU
		{89BEA921-0D42-4292-B851-DDAD31C9A5CB}.Debug|x64.Build.0 = Debug|Any CPU
		{89BEA921-0D42-4292-B851-DDAD31C9A5CB}.Debug|x86.ActiveCfg = Debug|Any CPU
		{89BEA921-0D42-4292-B851-DDAD31C9A5CB}.Debug|x86.Build.0 = Debug|Any CPU
		{89BEA921-0D42-4292-B851-DDAD31C9A5CB}.Release|Any CPU.ActiveCfg = Release|Any CPU
		{89BEA921-0D42-4292-B851-DDAD31C9A5CB}.Release|Any CPU.Build.0 = Release|Any CPU
		{89BEA921-0D42-4292-B851-DDAD31C9A5CB}.Release|x64.ActiveCfg = Release|Any CPU
		{89BEA921-0D42-4292-B851-DDAD31C9A5CB}.Release|x64.Build.0 = Release|Any CPU
		{89BEA921-0D42-4292-B851-DDAD31C9A5CB}.Release|x86.ActiveCfg = Release|Any CPU
		{89BEA921-0D42-4292-B851-DDAD31C9A5CB}.Release|x86.Build.0 = Release|Any CPU
		{F1BF528C-6E31-481F-AF8C-66E0F0C55CA1}.Debug|Any CPU.ActiveCfg = Debug|Any CPU
		{F1BF528C-6E31-481F-AF8C-66E0F0C55CA1}.Debug|Any CPU.Build.0 = Debug|Any CPU
		{F1BF528C-6E31-481F-AF8C-66E0F0C55CA1}.Debug|x64.ActiveCfg = Debug|Any CPU
		{F1BF528C-6E31-481F-AF8C-66E0F0C55CA1}.Debug|x64.Build.0 = Debug|Any CPU
		{F1BF528C-6E31-481F-AF8C-66E0F0C55CA1}.Debug|x86.ActiveCfg = Debug|Any CPU
		{F1BF528C-6E31-481F-AF8C-66E0F0C55CA1}.Debug|x86.Build.0 = Debug|Any CPU
		{F1BF528C-6E31-481F-AF8C-66E0F0C55CA1}.Release|Any CPU.ActiveCfg = Release|Any CPU
		{F1BF528C-6E31-481F-AF8C-66E0F0C55CA1}.Release|Any CPU.Build.0 = Release|Any CPU
		{F1BF528C-6E31-481F-AF8C-66E0F0C55CA1}.Release|x64.ActiveCfg = Release|Any CPU
		{F1BF528C-6E31-481F-AF8C-66E0F0C55CA1}.Release|x64.Build.0 = Release|Any CPU
		{F1BF528C-6E31-481F-AF8C-66E0F0C55CA1}.Release|x86.ActiveCfg = Release|Any CPU
		{F1BF528C-6E31-481F-AF8C-66E0F0C55CA1}.Release|x86.Build.0 = Release|Any CPU
		{69801294-DD0F-4807-841F-9C5C1E0C29EC}.Debug|Any CPU.ActiveCfg = Debug|Any CPU
		{69801294-DD0F-4807-841F-9C5C1E0C29EC}.Debug|Any CPU.Build.0 = Debug|Any CPU
		{69801294-DD0F-4807-841F-9C5C1E0C29EC}.Debug|x64.ActiveCfg = Debug|Any CPU
		{69801294-DD0F-4807-841F-9C5C1E0C29EC}.Debug|x64.Build.0 = Debug|Any CPU
		{69801294-DD0F-4807-841F-9C5C1E0C29EC}.Debug|x86.ActiveCfg = Debug|Any CPU
		{69801294-DD0F-4807-841F-9C5C1E0C29EC}.Debug|x86.Build.0 = Debug|Any CPU
		{69801294-DD0F-4807-841F-9C5C1E0C29EC}.Release|Any CPU.ActiveCfg = Release|Any CPU
		{69801294-DD0F-4807-841F-9C5C1E0C29EC}.Release|Any CPU.Build.0 = Release|Any CPU
		{69801294-DD0F-4807-841F-9C5C1E0C29EC}.Release|x64.ActiveCfg = Release|Any CPU
		{69801294-DD0F-4807-841F-9C5C1E0C29EC}.Release|x64.Build.0 = Release|Any CPU
		{69801294-DD0F-4807-841F-9C5C1E0C29EC}.Release|x86.ActiveCfg = Release|Any CPU
		{69801294-DD0F-4807-841F-9C5C1E0C29EC}.Release|x86.Build.0 = Release|Any CPU
		{22540DED-7E23-424E-8F11-52DF40D87612}.Debug|Any CPU.ActiveCfg = Debug|Any CPU
		{22540DED-7E23-424E-8F11-52DF40D87612}.Debug|Any CPU.Build.0 = Debug|Any CPU
		{22540DED-7E23-424E-8F11-52DF40D87612}.Debug|x64.ActiveCfg = Debug|Any CPU
		{22540DED-7E23-424E-8F11-52DF40D87612}.Debug|x64.Build.0 = Debug|Any CPU
		{22540DED-7E23-424E-8F11-52DF40D87612}.Debug|x86.ActiveCfg = Debug|Any CPU
		{22540DED-7E23-424E-8F11-52DF40D87612}.Debug|x86.Build.0 = Debug|Any CPU
		{22540DED-7E23-424E-8F11-52DF40D87612}.Release|Any CPU.ActiveCfg = Release|Any CPU
		{22540DED-7E23-424E-8F11-52DF40D87612}.Release|Any CPU.Build.0 = Release|Any CPU
		{22540DED-7E23-424E-8F11-52DF40D87612}.Release|x64.ActiveCfg = Release|Any CPU
		{22540DED-7E23-424E-8F11-52DF40D87612}.Release|x64.Build.0 = Release|Any CPU
		{22540DED-7E23-424E-8F11-52DF40D87612}.Release|x86.ActiveCfg = Release|Any CPU
		{22540DED-7E23-424E-8F11-52DF40D87612}.Release|x86.Build.0 = Release|Any CPU
		{700298B2-6CB7-468E-AA7A-5CFD5C054738}.Debug|Any CPU.ActiveCfg = Debug|Any CPU
		{700298B2-6CB7-468E-AA7A-5CFD5C054738}.Debug|Any CPU.Build.0 = Debug|Any CPU
		{700298B2-6CB7-468E-AA7A-5CFD5C054738}.Debug|x64.ActiveCfg = Debug|Any CPU
		{700298B2-6CB7-468E-AA7A-5CFD5C054738}.Debug|x64.Build.0 = Debug|Any CPU
		{700298B2-6CB7-468E-AA7A-5CFD5C054738}.Debug|x86.ActiveCfg = Debug|Any CPU
		{700298B2-6CB7-468E-AA7A-5CFD5C054738}.Debug|x86.Build.0 = Debug|Any CPU
		{700298B2-6CB7-468E-AA7A-5CFD5C054738}.Release|Any CPU.ActiveCfg = Release|Any CPU
		{700298B2-6CB7-468E-AA7A-5CFD5C054738}.Release|Any CPU.Build.0 = Release|Any CPU
		{700298B2-6CB7-468E-AA7A-5CFD5C054738}.Release|x64.ActiveCfg = Release|Any CPU
		{700298B2-6CB7-468E-AA7A-5CFD5C054738}.Release|x64.Build.0 = Release|Any CPU
		{700298B2-6CB7-468E-AA7A-5CFD5C054738}.Release|x86.ActiveCfg = Release|Any CPU
		{700298B2-6CB7-468E-AA7A-5CFD5C054738}.Release|x86.Build.0 = Release|Any CPU
		{C3EB68D0-8B5B-4F7B-BFE9-30AA3BCB1E8A}.Debug|Any CPU.ActiveCfg = Debug|Any CPU
		{C3EB68D0-8B5B-4F7B-BFE9-30AA3BCB1E8A}.Debug|Any CPU.Build.0 = Debug|Any CPU
		{C3EB68D0-8B5B-4F7B-BFE9-30AA3BCB1E8A}.Debug|x64.ActiveCfg = Debug|Any CPU
		{C3EB68D0-8B5B-4F7B-BFE9-30AA3BCB1E8A}.Debug|x64.Build.0 = Debug|Any CPU
		{C3EB68D0-8B5B-4F7B-BFE9-30AA3BCB1E8A}.Debug|x86.ActiveCfg = Debug|Any CPU
		{C3EB68D0-8B5B-4F7B-BFE9-30AA3BCB1E8A}.Debug|x86.Build.0 = Debug|Any CPU
		{C3EB68D0-8B5B-4F7B-BFE9-30AA3BCB1E8A}.Release|Any CPU.ActiveCfg = Release|Any CPU
		{C3EB68D0-8B5B-4F7B-BFE9-30AA3BCB1E8A}.Release|Any CPU.Build.0 = Release|Any CPU
		{C3EB68D0-8B5B-4F7B-BFE9-30AA3BCB1E8A}.Release|x64.ActiveCfg = Release|Any CPU
		{C3EB68D0-8B5B-4F7B-BFE9-30AA3BCB1E8A}.Release|x64.Build.0 = Release|Any CPU
		{C3EB68D0-8B5B-4F7B-BFE9-30AA3BCB1E8A}.Release|x86.ActiveCfg = Release|Any CPU
		{C3EB68D0-8B5B-4F7B-BFE9-30AA3BCB1E8A}.Release|x86.Build.0 = Release|Any CPU
		{9A0F64B9-F2B5-4C59-8C80-2AA6278D67DB}.Debug|Any CPU.ActiveCfg = Debug|Any CPU
		{9A0F64B9-F2B5-4C59-8C80-2AA6278D67DB}.Debug|Any CPU.Build.0 = Debug|Any CPU
		{9A0F64B9-F2B5-4C59-8C80-2AA6278D67DB}.Debug|x64.ActiveCfg = Debug|Any CPU
		{9A0F64B9-F2B5-4C59-8C80-2AA6278D67DB}.Debug|x64.Build.0 = Debug|Any CPU
		{9A0F64B9-F2B5-4C59-8C80-2AA6278D67DB}.Debug|x86.ActiveCfg = Debug|Any CPU
		{9A0F64B9-F2B5-4C59-8C80-2AA6278D67DB}.Debug|x86.Build.0 = Debug|Any CPU
		{9A0F64B9-F2B5-4C59-8C80-2AA6278D67DB}.Release|Any CPU.ActiveCfg = Release|Any CPU
		{9A0F64B9-F2B5-4C59-8C80-2AA6278D67DB}.Release|Any CPU.Build.0 = Release|Any CPU
		{9A0F64B9-F2B5-4C59-8C80-2AA6278D67DB}.Release|x64.ActiveCfg = Release|Any CPU
		{9A0F64B9-F2B5-4C59-8C80-2AA6278D67DB}.Release|x64.Build.0 = Release|Any CPU
		{9A0F64B9-F2B5-4C59-8C80-2AA6278D67DB}.Release|x86.ActiveCfg = Release|Any CPU
		{9A0F64B9-F2B5-4C59-8C80-2AA6278D67DB}.Release|x86.Build.0 = Release|Any CPU
		{A355E0A7-7B0C-4C47-9074-4FD63F9ED516}.Debug|Any CPU.ActiveCfg = Debug|Any CPU
		{A355E0A7-7B0C-4C47-9074-4FD63F9ED516}.Debug|Any CPU.Build.0 = Debug|Any CPU
		{A355E0A7-7B0C-4C47-9074-4FD63F9ED516}.Debug|x64.ActiveCfg = Debug|Any CPU
		{A355E0A7-7B0C-4C47-9074-4FD63F9ED516}.Debug|x64.Build.0 = Debug|Any CPU
		{A355E0A7-7B0C-4C47-9074-4FD63F9ED516}.Debug|x86.ActiveCfg = Debug|Any CPU
		{A355E0A7-7B0C-4C47-9074-4FD63F9ED516}.Debug|x86.Build.0 = Debug|Any CPU
		{A355E0A7-7B0C-4C47-9074-4FD63F9ED516}.Release|Any CPU.ActiveCfg = Release|Any CPU
		{A355E0A7-7B0C-4C47-9074-4FD63F9ED516}.Release|Any CPU.Build.0 = Release|Any CPU
		{A355E0A7-7B0C-4C47-9074-4FD63F9ED516}.Release|x64.ActiveCfg = Release|Any CPU
		{A355E0A7-7B0C-4C47-9074-4FD63F9ED516}.Release|x64.Build.0 = Release|Any CPU
		{A355E0A7-7B0C-4C47-9074-4FD63F9ED516}.Release|x86.ActiveCfg = Release|Any CPU
		{A355E0A7-7B0C-4C47-9074-4FD63F9ED516}.Release|x86.Build.0 = Release|Any CPU
		{7FE2D445-0CA4-4842-AB07-C235CE787AB4}.Debug|Any CPU.ActiveCfg = Debug|Any CPU
		{7FE2D445-0CA4-4842-AB07-C235CE787AB4}.Debug|Any CPU.Build.0 = Debug|Any CPU
		{7FE2D445-0CA4-4842-AB07-C235CE787AB4}.Debug|x64.ActiveCfg = Debug|Any CPU
		{7FE2D445-0CA4-4842-AB07-C235CE787AB4}.Debug|x64.Build.0 = Debug|Any CPU
		{7FE2D445-0CA4-4842-AB07-C235CE787AB4}.Debug|x86.ActiveCfg = Debug|Any CPU
		{7FE2D445-0CA4-4842-AB07-C235CE787AB4}.Debug|x86.Build.0 = Debug|Any CPU
		{7FE2D445-0CA4-4842-AB07-C235CE787AB4}.Release|Any CPU.ActiveCfg = Release|Any CPU
		{7FE2D445-0CA4-4842-AB07-C235CE787AB4}.Release|Any CPU.Build.0 = Release|Any CPU
		{7FE2D445-0CA4-4842-AB07-C235CE787AB4}.Release|x64.ActiveCfg = Release|Any CPU
		{7FE2D445-0CA4-4842-AB07-C235CE787AB4}.Release|x64.Build.0 = Release|Any CPU
		{7FE2D445-0CA4-4842-AB07-C235CE787AB4}.Release|x86.ActiveCfg = Release|Any CPU
		{7FE2D445-0CA4-4842-AB07-C235CE787AB4}.Release|x86.Build.0 = Release|Any CPU
		{6A5D1F67-08D4-4DD8-ACCF-0D5BD492F584}.Debug|Any CPU.ActiveCfg = Debug|Any CPU
		{6A5D1F67-08D4-4DD8-ACCF-0D5BD492F584}.Debug|Any CPU.Build.0 = Debug|Any CPU
		{6A5D1F67-08D4-4DD8-ACCF-0D5BD492F584}.Debug|x64.ActiveCfg = Debug|Any CPU
		{6A5D1F67-08D4-4DD8-ACCF-0D5BD492F584}.Debug|x64.Build.0 = Debug|Any CPU
		{6A5D1F67-08D4-4DD8-ACCF-0D5BD492F584}.Debug|x86.ActiveCfg = Debug|Any CPU
		{6A5D1F67-08D4-4DD8-ACCF-0D5BD492F584}.Debug|x86.Build.0 = Debug|Any CPU
		{6A5D1F67-08D4-4DD8-ACCF-0D5BD492F584}.Release|Any CPU.ActiveCfg = Release|Any CPU
		{6A5D1F67-08D4-4DD8-ACCF-0D5BD492F584}.Release|Any CPU.Build.0 = Release|Any CPU
		{6A5D1F67-08D4-4DD8-ACCF-0D5BD492F584}.Release|x64.ActiveCfg = Release|Any CPU
		{6A5D1F67-08D4-4DD8-ACCF-0D5BD492F584}.Release|x64.Build.0 = Release|Any CPU
		{6A5D1F67-08D4-4DD8-ACCF-0D5BD492F584}.Release|x86.ActiveCfg = Release|Any CPU
		{6A5D1F67-08D4-4DD8-ACCF-0D5BD492F584}.Release|x86.Build.0 = Release|Any CPU
		{EF2188A2-F46B-467A-B5C0-4C012EA6931F}.Debug|Any CPU.ActiveCfg = Debug|Any CPU
		{EF2188A2-F46B-467A-B5C0-4C012EA6931F}.Debug|Any CPU.Build.0 = Debug|Any CPU
		{EF2188A2-F46B-467A-B5C0-4C012EA6931F}.Debug|x64.ActiveCfg = Debug|Any CPU
		{EF2188A2-F46B-467A-B5C0-4C012EA6931F}.Debug|x64.Build.0 = Debug|Any CPU
		{EF2188A2-F46B-467A-B5C0-4C012EA6931F}.Debug|x86.ActiveCfg = Debug|Any CPU
		{EF2188A2-F46B-467A-B5C0-4C012EA6931F}.Debug|x86.Build.0 = Debug|Any CPU
		{EF2188A2-F46B-467A-B5C0-4C012EA6931F}.Release|Any CPU.ActiveCfg = Release|Any CPU
		{EF2188A2-F46B-467A-B5C0-4C012EA6931F}.Release|Any CPU.Build.0 = Release|Any CPU
		{EF2188A2-F46B-467A-B5C0-4C012EA6931F}.Release|x64.ActiveCfg = Release|Any CPU
		{EF2188A2-F46B-467A-B5C0-4C012EA6931F}.Release|x64.Build.0 = Release|Any CPU
		{EF2188A2-F46B-467A-B5C0-4C012EA6931F}.Release|x86.ActiveCfg = Release|Any CPU
		{EF2188A2-F46B-467A-B5C0-4C012EA6931F}.Release|x86.Build.0 = Release|Any CPU
		{FC597176-8248-4E4E-BAC9-10686FBEDAE2}.Debug|Any CPU.ActiveCfg = Debug|Any CPU
		{FC597176-8248-4E4E-BAC9-10686FBEDAE2}.Debug|Any CPU.Build.0 = Debug|Any CPU
		{FC597176-8248-4E4E-BAC9-10686FBEDAE2}.Debug|x64.ActiveCfg = Debug|Any CPU
		{FC597176-8248-4E4E-BAC9-10686FBEDAE2}.Debug|x64.Build.0 = Debug|Any CPU
		{FC597176-8248-4E4E-BAC9-10686FBEDAE2}.Debug|x86.ActiveCfg = Debug|Any CPU
		{FC597176-8248-4E4E-BAC9-10686FBEDAE2}.Debug|x86.Build.0 = Debug|Any CPU
		{FC597176-8248-4E4E-BAC9-10686FBEDAE2}.Release|Any CPU.ActiveCfg = Release|Any CPU
		{FC597176-8248-4E4E-BAC9-10686FBEDAE2}.Release|Any CPU.Build.0 = Release|Any CPU
		{FC597176-8248-4E4E-BAC9-10686FBEDAE2}.Release|x64.ActiveCfg = Release|Any CPU
		{FC597176-8248-4E4E-BAC9-10686FBEDAE2}.Release|x64.Build.0 = Release|Any CPU
		{FC597176-8248-4E4E-BAC9-10686FBEDAE2}.Release|x86.ActiveCfg = Release|Any CPU
		{FC597176-8248-4E4E-BAC9-10686FBEDAE2}.Release|x86.Build.0 = Release|Any CPU
	EndGlobalSection
	GlobalSection(SolutionProperties) = preSolution
		HideSolutionNode = FALSE
	EndGlobalSection
	GlobalSection(NestedProjects) = preSolution
		{EC447DCF-ABFA-6E24-52A5-D7FD48A5C558} = {827E0CD3-B72D-47B6-A68D-7590B98EB39B}
		{B8D34A9F-6168-4BE6-9D93-5D5A2C381220} = {EC447DCF-ABFA-6E24-52A5-D7FD48A5C558}
		{DE4092AC-5E54-4E0B-92E5-14EDCE882705} = {827E0CD3-B72D-47B6-A68D-7590B98EB39B}
		{AF406DDD-A916-4B23-8EE3-4E9A7CB4647A} = {827E0CD3-B72D-47B6-A68D-7590B98EB39B}
		{4A3F6D81-AEFF-4B43-8988-6D30DAA5AFB9} = {827E0CD3-B72D-47B6-A68D-7590B98EB39B}
		{0E5FCD88-BDE1-4E5E-8714-B5EAF0827D98} = {EC447DCF-ABFA-6E24-52A5-D7FD48A5C558}
		{1D67EE4F-CAA5-439D-94D8-6A0821CA8056} = {EC447DCF-ABFA-6E24-52A5-D7FD48A5C558}
		{70E30743-926F-45BB-B423-DA312DCA2CA8} = {EC447DCF-ABFA-6E24-52A5-D7FD48A5C558}
		{9135F84B-9554-42C6-BB8B-A3D7EEADFC68} = {EC447DCF-ABFA-6E24-52A5-D7FD48A5C558}
		{8807B187-9069-4F22-A4C9-BBFF4E813525} = {EC447DCF-ABFA-6E24-52A5-D7FD48A5C558}
		{ACCB1522-FA90-40FC-A95C-D53DD0BE4BE8} = {827E0CD3-B72D-47B6-A68D-7590B98EB39B}
		{89BEA921-0D42-4292-B851-DDAD31C9A5CB} = {827E0CD3-B72D-47B6-A68D-7590B98EB39B}
		{F1BF528C-6E31-481F-AF8C-66E0F0C55CA1} = {0AB3BF05-4346-4AA6-1389-037BE0695223}
		{69801294-DD0F-4807-841F-9C5C1E0C29EC} = {0AB3BF05-4346-4AA6-1389-037BE0695223}
		{22540DED-7E23-424E-8F11-52DF40D87612} = {0AB3BF05-4346-4AA6-1389-037BE0695223}
		{700298B2-6CB7-468E-AA7A-5CFD5C054738} = {0AB3BF05-4346-4AA6-1389-037BE0695223}
		{C3EB68D0-8B5B-4F7B-BFE9-30AA3BCB1E8A} = {0AB3BF05-4346-4AA6-1389-037BE0695223}
		{9A0F64B9-F2B5-4C59-8C80-2AA6278D67DB} = {0AB3BF05-4346-4AA6-1389-037BE0695223}
		{A355E0A7-7B0C-4C47-9074-4FD63F9ED516} = {0AB3BF05-4346-4AA6-1389-037BE0695223}
		{7FE2D445-0CA4-4842-AB07-C235CE787AB4} = {0AB3BF05-4346-4AA6-1389-037BE0695223}
		{6A5D1F67-08D4-4DD8-ACCF-0D5BD492F584} = {0AB3BF05-4346-4AA6-1389-037BE0695223}
		{EF2188A2-F46B-467A-B5C0-4C012EA6931F} = {0AB3BF05-4346-4AA6-1389-037BE0695223}
		{FC597176-8248-4E4E-BAC9-10686FBEDAE2} = {0AB3BF05-4346-4AA6-1389-037BE0695223}
	EndGlobalSection
EndGlobal
